// !$*UTF8*$!
{
	archiveVersion = 1;
	classes = {
	};
	objectVersion = 46;
	objects = {

/* Begin PBXBuildFile section */
		53F2264C1C7655DD00B92712 /* AppDelegate.swift in Sources */ = {isa = PBXBuildFile; fileRef = 53F2264B1C7655DD00B92712 /* AppDelegate.swift */; };
		53F2264E1C7655DD00B92712 /* HomeViewController.swift in Sources */ = {isa = PBXBuildFile; fileRef = 53F2264D1C7655DD00B92712 /* HomeViewController.swift */; };
		53F226511C7655DD00B92712 /* Main.storyboard in Resources */ = {isa = PBXBuildFile; fileRef = 53F2264F1C7655DD00B92712 /* Main.storyboard */; };
		53F226531C7655DD00B92712 /* Assets.xcassets in Resources */ = {isa = PBXBuildFile; fileRef = 53F226521C7655DD00B92712 /* Assets.xcassets */; };
		53F226561C7655DD00B92712 /* LaunchScreen.storyboard in Resources */ = {isa = PBXBuildFile; fileRef = 53F226541C7655DD00B92712 /* LaunchScreen.storyboard */; };
/* End PBXBuildFile section */

/* Begin PBXFileReference section */
		53F226481C7655DD00B92712 /* HelloWorld.app */ = {isa = PBXFileReference; explicitFileType = wrapper.application; includeInIndex = 0; path = HelloWorld.app; sourceTree = BUILT_PRODUCTS_DIR; };
		53F2264B1C7655DD00B92712 /* AppDelegate.swift */ = {isa = PBXFileReference; lastKnownFileType = sourcecode.swift; path = AppDelegate.swift; sourceTree = "<group>"; };
		53F2264D1C7655DD00B92712 /* HomeViewController.swift */ = {isa = PBXFileReference; lastKnownFileType = sourcecode.swift; path = HomeViewController.swift; sourceTree = "<group>"; };
		53F226501C7655DD00B92712 /* Base */ = {isa = PBXFileReference; lastKnownFileType = file.storyboard; name = Base; path = Base.lproj/Main.storyboard; sourceTree = "<group>"; };
		53F226521C7655DD00B92712 /* Assets.xcassets */ = {isa = PBXFileReference; lastKnownFileType = folder.assetcatalog; path = Assets.xcassets; sourceTree = "<group>"; };
		53F226551C7655DD00B92712 /* Base */ = {isa = PBXFileReference; lastKnownFileType = file.storyboard; name = Base; path = Base.lproj/LaunchScreen.storyboard; sourceTree = "<group>"; };
		53F226571C7655DD00B92712 /* Info.plist */ = {isa = PBXFileReference; lastKnownFileType = text.plist.xml; path = Info.plist; sourceTree = "<group>"; };
/* End PBXFileReference section */

/* Begin PBXFrameworksBuildPhase section */
		53F226451C7655DD00B92712 /* Frameworks */ = {
			isa = PBXFrameworksBuildPhase;
			buildActionMask = 2147483647;
			files = (
			);
			runOnlyForDeploymentPostprocessing = 0;
		};
/* End PBXFrameworksBuildPhase section */

/* Begin PBXGroup section */
		53F2263F1C7655DD00B92712 = {
			isa = PBXGroup;
			children = (
				53F2264A1C7655DD00B92712 /* HelloWorld */,
				53F226491C7655DD00B92712 /* Products */,
			);
			sourceTree = "<group>";
		};
		53F226491C7655DD00B92712 /* Products */ = {
			isa = PBXGroup;
			children = (
				53F226481C7655DD00B92712 /* HelloWorld.app */,
			);
			name = Products;
			sourceTree = "<group>";
		};
		53F2264A1C7655DD00B92712 /* HelloWorld */ = {
			isa = PBXGroup;
			children = (
				53F226521C7655DD00B92712 /* Assets.xcassets */,
				53F2265F1C765A6A00B92712 /* Common */,
				53F226571C7655DD00B92712 /* Info.plist */,
				53F2265E1C765A6500B92712 /* Storyboards */,
				53F2265D1C765A5E00B92712 /* ViewController */,
			);
			path = HelloWorld;
			sourceTree = "<group>";
		};
		53F2265D1C765A5E00B92712 /* ViewController */ = {
			isa = PBXGroup;
			children = (
				53F2264D1C7655DD00B92712 /* HomeViewController.swift */,
			);
			name = ViewController;
			sourceTree = "<group>";
		};
		53F2265E1C765A6500B92712 /* Storyboards */ = {
			isa = PBXGroup;
			children = (
				53F2264F1C7655DD00B92712 /* Main.storyboard */,
				53F226541C7655DD00B92712 /* LaunchScreen.storyboard */,
			);
			name = Storyboards;
			sourceTree = "<group>";
		};
		53F2265F1C765A6A00B92712 /* Common */ = {
			isa = PBXGroup;
			children = (
				53F2264B1C7655DD00B92712 /* AppDelegate.swift */,
			);
			name = Common;
			sourceTree = "<group>";
		};
/* End PBXGroup section */

/* Begin PBXNativeTarget section */
		53F226471C7655DD00B92712 /* HelloWorld */ = {
			isa = PBXNativeTarget;
			buildConfigurationList = 53F2265A1C7655DD00B92712 /* Build configuration list for PBXNativeTarget "HelloWorld" */;
			buildPhases = (
				53F226441C7655DD00B92712 /* Sources */,
				53F226451C7655DD00B92712 /* Frameworks */,
				53F226461C7655DD00B92712 /* Resources */,
			);
			buildRules = (
			);
			dependencies = (
			);
			name = HelloWorld;
			productName = HelloWorld;
			productReference = 53F226481C7655DD00B92712 /* HelloWorld.app */;
			productType = "com.apple.product-type.application";
		};
/* End PBXNativeTarget section */

/* Begin PBXProject section */
		53F226401C7655DD00B92712 /* Project object */ = {
			isa = PBXProject;
			attributes = {
				LastSwiftUpdateCheck = 0720;
				LastUpgradeCheck = 0720;
				ORGANIZATIONNAME = "Data Empire";
				TargetAttributes = {
					53F226471C7655DD00B92712 = {
						CreatedOnToolsVersion = 7.2.1;
						DevelopmentTeam = LQ5WW9469F;
					};
				};
			};
			buildConfigurationList = 53F226431C7655DD00B92712 /* Build configuration list for PBXProject "HelloWorld" */;
			compatibilityVersion = "Xcode 3.2";
			developmentRegion = English;
			hasScannedForEncodings = 0;
			knownRegions = (
				en,
				Base,
			);
			mainGroup = 53F2263F1C7655DD00B92712;
			productRefGroup = 53F226491C7655DD00B92712 /* Products */;
			projectDirPath = "";
			projectRoot = "";
			targets = (
				53F226471C7655DD00B92712 /* HelloWorld */,
			);
		};
/* End PBXProject section */

/* Begin PBXResourcesBuildPhase section */
		53F226461C7655DD00B92712 /* Resources */ = {
			isa = PBXResourcesBuildPhase;
			buildActionMask = 2147483647;
			files = (
				53F226561C7655DD00B92712 /* LaunchScreen.storyboard in Resources */,
				53F226531C7655DD00B92712 /* Assets.xcassets in Resources */,
				53F226511C7655DD00B92712 /* Main.storyboard in Resources */,
			);
			runOnlyForDeploymentPostprocessing = 0;
		};
/* End PBXResourcesBuildPhase section */

/* Begin PBXSourcesBuildPhase section */
		53F226441C7655DD00B92712 /* Sources */ = {
			isa = PBXSourcesBuildPhase;
			buildActionMask = 2147483647;
			files = (
				53F2264E1C7655DD00B92712 /* HomeViewController.swift in Sources */,
				53F2264C1C7655DD00B92712 /* AppDelegate.swift in Sources */,
			);
			runOnlyForDeploymentPostprocessing = 0;
		};
/* End PBXSourcesBuildPhase section */

/* Begin PBXVariantGroup section */
		53F2264F1C7655DD00B92712 /* Main.storyboard */ = {
			isa = PBXVariantGroup;
			children = (
				53F226501C7655DD00B92712 /* Base */,
			);
			name = Main.storyboard;
			sourceTree = "<group>";
		};
		53F226541C7655DD00B92712 /* LaunchScreen.storyboard */ = {
			isa = PBXVariantGroup;
			children = (
				53F226551C7655DD00B92712 /* Base */,
			);
			name = LaunchScreen.storyboard;
			sourceTree = "<group>";
		};
/* End PBXVariantGroup section */

/* Begin XCBuildConfiguration section */
		53F226581C7655DD00B92712 /* Debug */ = {
			isa = XCBuildConfiguration;
			buildSettings = {
				ALWAYS_SEARCH_USER_PATHS = NO;
				CLANG_CXX_LANGUAGE_STANDARD = "gnu++0x";
				CLANG_CXX_LIBRARY = "libc++";
				CLANG_ENABLE_MODULES = YES;
				CLANG_ENABLE_OBJC_ARC = YES;
				CLANG_WARN_BOOL_CONVERSION = YES;
				CLANG_WARN_CONSTANT_CONVERSION = YES;
				CLANG_WARN_DIRECT_OBJC_ISA_USAGE = YES_ERROR;
				CLANG_WARN_EMPTY_BODY = YES;
				CLANG_WARN_ENUM_CONVERSION = YES;
				CLANG_WARN_INT_CONVERSION = YES;
				CLANG_WARN_OBJC_ROOT_CLASS = YES_ERROR;
				CLANG_WARN_UNREACHABLE_CODE = YES;
				CLANG_WARN__DUPLICATE_METHOD_MATCH = YES;
				"CODE_SIGN_IDENTITY[sdk=iphoneos*]" = "iPhone Developer";
				COPY_PHASE_STRIP = NO;
				DEBUG_INFORMATION_FORMAT = dwarf;
				ENABLE_STRICT_OBJC_MSGSEND = YES;
				ENABLE_TESTABILITY = YES;
				GCC_C_LANGUAGE_STANDARD = gnu99;
				GCC_DYNAMIC_NO_PIC = NO;
				GCC_NO_COMMON_BLOCKS = YES;
				GCC_OPTIMIZATION_LEVEL = 0;
				GCC_PREPROCESSOR_DEFINITIONS = (
					"DEBUG=1",
					"$(inherited)",
				);
				GCC_WARN_64_TO_32_BIT_CONVERSION = YES;
				GCC_WARN_ABOUT_RETURN_TYPE = YES_ERROR;
				GCC_WARN_UNDECLARED_SELECTOR = YES;
				GCC_WARN_UNINITIALIZED_AUTOS = YES_AGGRESSIVE;
				GCC_WARN_UNUSED_FUNCTION = YES;
				GCC_WARN_UNUSED_VARIABLE = YES;
				IPHONEOS_DEPLOYMENT_TARGET = 9.2;
				MTL_ENABLE_DEBUG_INFO = YES;
				ONLY_ACTIVE_ARCH = YES;
				SDKROOT = iphoneos;
				SWIFT_OPTIMIZATION_LEVEL = "-Onone";
				TARGETED_DEVICE_FAMILY = "1,2";
			};
			name = Debug;
		};
		53F226591C7655DD00B92712 /* Release */ = {
			isa = XCBuildConfiguration;
			buildSettings = {
				ALWAYS_SEARCH_USER_PATHS = NO;
				CLANG_CXX_LANGUAGE_STANDARD = "gnu++0x";
				CLANG_CXX_LIBRARY = "libc++";
				CLANG_ENABLE_MODULES = YES;
				CLANG_ENABLE_OBJC_ARC = YES;
				CLANG_WARN_BOOL_CONVERSION = YES;
				CLANG_WARN_CONSTANT_CONVERSION = YES;
				CLANG_WARN_DIRECT_OBJC_ISA_USAGE = YES_ERROR;
				CLANG_WARN_EMPTY_BODY = YES;
				CLANG_WARN_ENUM_CONVERSION = YES;
				CLANG_WARN_INT_CONVERSION = YES;
				CLANG_WARN_OBJC_ROOT_CLASS = YES_ERROR;
				CLANG_WARN_UNREACHABLE_CODE = YES;
				CLANG_WARN__DUPLICATE_METHOD_MATCH = YES;
				"CODE_SIGN_IDENTITY[sdk=iphoneos*]" = "iPhone Developer";
				COPY_PHASE_STRIP = NO;
				DEBUG_INFORMATION_FORMAT = "dwarf-with-dsym";
				ENABLE_NS_ASSERTIONS = NO;
				ENABLE_STRICT_OBJC_MSGSEND = YES;
				GCC_C_LANGUAGE_STANDARD = gnu99;
				GCC_NO_COMMON_BLOCKS = YES;
				GCC_WARN_64_TO_32_BIT_CONVERSION = YES;
				GCC_WARN_ABOUT_RETURN_TYPE = YES_ERROR;
				GCC_WARN_UNDECLARED_SELECTOR = YES;
				GCC_WARN_UNINITIALIZED_AUTOS = YES_AGGRESSIVE;
				GCC_WARN_UNUSED_FUNCTION = YES;
				GCC_WARN_UNUSED_VARIABLE = YES;
				IPHONEOS_DEPLOYMENT_TARGET = 9.2;
				MTL_ENABLE_DEBUG_INFO = NO;
				SDKROOT = iphoneos;
				TARGETED_DEVICE_FAMILY = "1,2";
				VALIDATE_PRODUCT = YES;
			};
			name = Release;
		};
		53F2265B1C7655DD00B92712 /* Debug */ = {
			isa = XCBuildConfiguration;
			buildSettings = {
				ASSETCATALOG_COMPILER_APPICON_NAME = AppIcon;
				CODE_SIGN_IDENTITY = "iPhone Developer";
				INFOPLIST_FILE = HelloWorld/Info.plist;
				LD_RUNPATH_SEARCH_PATHS = "$(inherited) @executable_path/Frameworks";
				PRODUCT_BUNDLE_IDENTIFIER = info.dataempire.HelloWorld;
				PRODUCT_NAME = "$(TARGET_NAME)";
			};
			name = Debug;
		};
		53F2265C1C7655DD00B92712 /* Release */ = {
			isa = XCBuildConfiguration;
			buildSettings = {
				ASSETCATALOG_COMPILER_APPICON_NAME = AppIcon;
				CODE_SIGN_IDENTITY = "iPhone Developer";
				INFOPLIST_FILE = HelloWorld/Info.plist;
				LD_RUNPATH_SEARCH_PATHS = "$(inherited) @executable_path/Frameworks";
				PRODUCT_BUNDLE_IDENTIFIER = info.dataempire.HelloWorld;
				PRODUCT_NAME = "$(TARGET_NAME)";
			};
			name = Release;
		};
/* End XCBuildConfiguration section */

/* Begin XCConfigurationList section */
		53F226431C7655DD00B92712 /* Build configuration list for PBXProject "HelloWorld" */ = {
			isa = XCConfigurationList;
			buildConfigurations = (
				53F226581C7655DD00B92712 /* Debug */,
				53F226591C7655DD00B92712 /* Release */,
			);
			defaultConfigurationIsVisible = 0;
			defaultConfigurationName = Release;
		};
		53F2265A1C7655DD00B92712 /* Build configuration list for PBXNativeTarget "HelloWorld" */ = {
			isa = XCConfigurationList;
			buildConfigurations = (
				53F2265B1C7655DD00B92712 /* Debug */,
				53F2265C1C7655DD00B92712 /* Release */,
			);
			defaultConfigurationIsVisible = 0;
		};
/* End XCConfigurationList section */
	};
	rootObject = 53F226401C7655DD00B92712 /* Project object */;
}
